// !$*UTF8*$!
{
	archiveVersion = 1;
	classes = {
	};
	objectVersion = 55;
	objects = {

/* Begin PBXBuildFile section */
		EE4DAA0527CFE713009E3D1B /* AppDelegate.swift in Sources */ = {isa = PBXBuildFile; fileRef = EE4DAA0427CFE713009E3D1B /* AppDelegate.swift */; };
		EE4DAA0727CFE713009E3D1B /* SceneDelegate.swift in Sources */ = {isa = PBXBuildFile; fileRef = EE4DAA0627CFE713009E3D1B /* SceneDelegate.swift */; };
		EE4DAA0927CFE713009E3D1B /* ViewController.swift in Sources */ = {isa = PBXBuildFile; fileRef = EE4DAA0827CFE713009E3D1B /* ViewController.swift */; };
		EE4DAA0C27CFE713009E3D1B /* Main.storyboard in Resources */ = {isa = PBXBuildFile; fileRef = EE4DAA0A27CFE713009E3D1B /* Main.storyboard */; };
		EE4DAA0E27CFE719009E3D1B /* Assets.xcassets in Resources */ = {isa = PBXBuildFile; fileRef = EE4DAA0D27CFE719009E3D1B /* Assets.xcassets */; };
		EE4DAA1127CFE719009E3D1B /* LaunchScreen.storyboard in Resources */ = {isa = PBXBuildFile; fileRef = EE4DAA0F27CFE719009E3D1B /* LaunchScreen.storyboard */; };
		EE4DAA1B27CFE7ED009E3D1B /* AsyncOperation.swift in Sources */ = {isa = PBXBuildFile; fileRef = EE4DAA1827CFE7ED009E3D1B /* AsyncOperation.swift */; };
		EE4DAA1C27CFE7ED009E3D1B /* LightUpdateManager.swift in Sources */ = {isa = PBXBuildFile; fileRef = EE4DAA1927CFE7ED009E3D1B /* LightUpdateManager.swift */; };
		EE4DAA1D27CFE7ED009E3D1B /* LightUpdateOperation.swift in Sources */ = {isa = PBXBuildFile; fileRef = EE4DAA1A27CFE7ED009E3D1B /* LightUpdateOperation.swift */; };
/* End PBXBuildFile section */

/* Begin PBXFileReference section */
		EE4DAA0127CFE713009E3D1B /* UpdateTask.app */ = {isa = PBXFileReference; explicitFileType = wrapper.application; includeInIndex = 0; path = UpdateTask.app; sourceTree = BUILT_PRODUCTS_DIR; };
		EE4DAA0427CFE713009E3D1B /* AppDelegate.swift */ = {isa = PBXFileReference; lastKnownFileType = sourcecode.swift; path = AppDelegate.swift; sourceTree = "<group>"; };
		EE4DAA0627CFE713009E3D1B /* SceneDelegate.swift */ = {isa = PBXFileReference; lastKnownFileType = sourcecode.swift; path = SceneDelegate.swift; sourceTree = "<group>"; };
		EE4DAA0827CFE713009E3D1B /* ViewController.swift */ = {isa = PBXFileReference; lastKnownFileType = sourcecode.swift; path = ViewController.swift; sourceTree = "<group>"; };
		EE4DAA0B27CFE713009E3D1B /* Base */ = {isa = PBXFileReference; lastKnownFileType = file.storyboard; name = Base; path = Base.lproj/Main.storyboard; sourceTree = "<group>"; };
		EE4DAA0D27CFE719009E3D1B /* Assets.xcassets */ = {isa = PBXFileReference; lastKnownFileType = folder.assetcatalog; path = Assets.xcassets; sourceTree = "<group>"; };
		EE4DAA1027CFE719009E3D1B /* Base */ = {isa = PBXFileReference; lastKnownFileType = file.storyboard; name = Base; path = Base.lproj/LaunchScreen.storyboard; sourceTree = "<group>"; };
		EE4DAA1227CFE719009E3D1B /* Info.plist */ = {isa = PBXFileReference; lastKnownFileType = text.plist.xml; path = Info.plist; sourceTree = "<group>"; };
		EE4DAA1827CFE7ED009E3D1B /* AsyncOperation.swift */ = {isa = PBXFileReference; fileEncoding = 4; lastKnownFileType = sourcecode.swift; path = AsyncOperation.swift; sourceTree = "<group>"; };
		EE4DAA1927CFE7ED009E3D1B /* LightUpdateManager.swift */ = {isa = PBXFileReference; fileEncoding = 4; lastKnownFileType = sourcecode.swift; path = LightUpdateManager.swift; sourceTree = "<group>"; };
		EE4DAA1A27CFE7ED009E3D1B /* LightUpdateOperation.swift */ = {isa = PBXFileReference; fileEncoding = 4; lastKnownFileType = sourcecode.swift; path = LightUpdateOperation.swift; sourceTree = "<group>"; };
/* End PBXFileReference section */

/* Begin PBXFrameworksBuildPhase section */
		EE4DA9FE27CFE713009E3D1B /* Frameworks */ = {
			isa = PBXFrameworksBuildPhase;
			buildActionMask = 2147483647;
			files = (
			);
			runOnlyForDeploymentPostprocessing = 0;
		};
/* End PBXFrameworksBuildPhase section */

/* Begin PBXGroup section */
		EE4DA9F827CFE713009E3D1B = {
			isa = PBXGroup;
			children = (
				EE4DAA0327CFE713009E3D1B /* UpdateTask */,
				EE4DAA0227CFE713009E3D1B /* Products */,
			);
			sourceTree = "<group>";
		};
		EE4DAA0227CFE713009E3D1B /* Products */ = {
			isa = PBXGroup;
			children = (
				EE4DAA0127CFE713009E3D1B /* UpdateTask.app */,
			);
			name = Products;
			sourceTree = "<group>";
		};
		EE4DAA0327CFE713009E3D1B /* UpdateTask */ = {
			isa = PBXGroup;
			children = (
				EE4DAA0427CFE713009E3D1B /* AppDelegate.swift */,
				EE4DAA0627CFE713009E3D1B /* SceneDelegate.swift */,
				EE4DAA0827CFE713009E3D1B /* ViewController.swift */,
				EE4DAA1827CFE7ED009E3D1B /* AsyncOperation.swift */,
				EE4DAA1927CFE7ED009E3D1B /* LightUpdateManager.swift */,
				EE4DAA1A27CFE7ED009E3D1B /* LightUpdateOperation.swift */,
				EE4DAA0A27CFE713009E3D1B /* Main.storyboard */,
				EE4DAA0D27CFE719009E3D1B /* Assets.xcassets */,
				EE4DAA0F27CFE719009E3D1B /* LaunchScreen.storyboard */,
				EE4DAA1227CFE719009E3D1B /* Info.plist */,
			);
			path = UpdateTask;
			sourceTree = "<group>";
		};
/* End PBXGroup section */

/* Begin PBXNativeTarget section */
		EE4DAA0027CFE713009E3D1B /* UpdateTask */ = {
			isa = PBXNativeTarget;
			buildConfigurationList = EE4DAA1527CFE719009E3D1B /* Build configuration list for PBXNativeTarget "UpdateTask" */;
			buildPhases = (
				EE4DA9FD27CFE713009E3D1B /* Sources */,
				EE4DA9FE27CFE713009E3D1B /* Frameworks */,
				EE4DA9FF27CFE713009E3D1B /* Resources */,
			);
			buildRules = (
			);
			dependencies = (
			);
			name = UpdateTask;
			productName = UpdateTask;
			productReference = EE4DAA0127CFE713009E3D1B /* UpdateTask.app */;
			productType = "com.apple.product-type.application";
		};
/* End PBXNativeTarget section */

/* Begin PBXProject section */
		EE4DA9F927CFE713009E3D1B /* Project object */ = {
			isa = PBXProject;
			attributes = {
				BuildIndependentTargetsInParallel = 1;
				LastSwiftUpdateCheck = 1320;
				LastUpgradeCheck = 1320;
				TargetAttributes = {
					EE4DAA0027CFE713009E3D1B = {
						CreatedOnToolsVersion = 13.2.1;
					};
				};
			};
			buildConfigurationList = EE4DA9FC27CFE713009E3D1B /* Build configuration list for PBXProject "UpdateTask" */;
			compatibilityVersion = "Xcode 13.0";
			developmentRegion = en;
			hasScannedForEncodings = 0;
			knownRegions = (
				en,
				Base,
			);
			mainGroup = EE4DA9F827CFE713009E3D1B;
			productRefGroup = EE4DAA0227CFE713009E3D1B /* Products */;
			projectDirPath = "";
			projectRoot = "";
			targets = (
				EE4DAA0027CFE713009E3D1B /* UpdateTask */,
			);
		};
/* End PBXProject section */

/* Begin PBXResourcesBuildPhase section */
		EE4DA9FF27CFE713009E3D1B /* Resources */ = {
			isa = PBXResourcesBuildPhase;
			buildActionMask = 2147483647;
			files = (
				EE4DAA1127CFE719009E3D1B /* LaunchScreen.storyboard in Resources */,
				EE4DAA0E27CFE719009E3D1B /* Assets.xcassets in Resources */,
				EE4DAA0C27CFE713009E3D1B /* Main.storyboard in Resources */,
			);
			runOnlyForDeploymentPostprocessing = 0;
		};
/* End PBXResourcesBuildPhase section */

/* Begin PBXSourcesBuildPhase section */
		EE4DA9FD27CFE713009E3D1B /* Sources */ = {
			isa = PBXSourcesBuildPhase;
			buildActionMask = 2147483647;
			files = (
				EE4DAA0927CFE713009E3D1B /* ViewController.swift in Sources */,
				EE4DAA1D27CFE7ED009E3D1B /* LightUpdateOperation.swift in Sources */,
				EE4DAA0527CFE713009E3D1B /* AppDelegate.swift in Sources */,
				EE4DAA1B27CFE7ED009E3D1B /* AsyncOperation.swift in Sources */,
				EE4DAA0727CFE713009E3D1B /* SceneDelegate.swift in Sources */,
				EE4DAA1C27CFE7ED009E3D1B /* LightUpdateManager.swift in Sources */,
			);
			runOnlyForDeploymentPostprocessing = 0;
		};
/* End PBXSourcesBuildPhase section */

/* Begin PBXVariantGroup section */
		EE4DAA0A27CFE713009E3D1B /* Main.storyboard */ = {
			isa = PBXVariantGroup;
			children = (
				EE4DAA0B27CFE713009E3D1B /* Base */,
			);
			name = Main.storyboard;
			sourceTree = "<group>";
		};
		EE4DAA0F27CFE719009E3D1B /* LaunchScreen.storyboard */ = {
			isa = PBXVariantGroup;
			children = (
				EE4DAA1027CFE719009E3D1B /* Base */,
			);
			name = LaunchScreen.storyboard;
			sourceTree = "<group>";
		};
/* End PBXVariantGroup section */

/* Begin XCBuildConfiguration section */
		EE4DAA1327CFE719009E3D1B /* Debug */ = {
			isa = XCBuildConfiguration;
			buildSettings = {
				ALWAYS_SEARCH_USER_PATHS = NO;
				CLANG_ANALYZER_NONNULL = YES;
				CLANG_ANALYZER_NUMBER_OBJECT_CONVERSION = YES_AGGRESSIVE;
				CLANG_CXX_LANGUAGE_STANDARD = "gnu++17";
				CLANG_CXX_LIBRARY = "libc++";
				CLANG_ENABLE_MODULES = YES;
				CLANG_ENABLE_OBJC_ARC = YES;
				CLANG_ENABLE_OBJC_WEAK = YES;
				CLANG_WARN_BLOCK_CAPTURE_AUTORELEASING = YES;
				CLANG_WARN_BOOL_CONVERSION = YES;
				CLANG_WARN_COMMA = YES;
				CLANG_WARN_CONSTANT_CONVERSION = YES;
				CLANG_WARN_DEPRECATED_OBJC_IMPLEMENTATIONS = YES;
				CLANG_WARN_DIRECT_OBJC_ISA_USAGE = YES_ERROR;
				CLANG_WARN_DOCUMENTATION_COMMENTS = YES;
				CLANG_WARN_EMPTY_BODY = YES;
				CLANG_WARN_ENUM_CONVERSION = YES;
				CLANG_WARN_INFINITE_RECURSION = YES;
				CLANG_WARN_INT_CONVERSION = YES;
				CLANG_WARN_NON_LITERAL_NULL_CONVERSION = YES;
				CLANG_WARN_OBJC_IMPLICIT_RETAIN_SELF = YES;
				CLANG_WARN_OBJC_LITERAL_CONVERSION = YES;
				CLANG_WARN_OBJC_ROOT_CLASS = YES_ERROR;
				CLANG_WARN_QUOTED_INCLUDE_IN_FRAMEWORK_HEADER = YES;
				CLANG_WARN_RANGE_LOOP_ANALYSIS = YES;
				CLANG_WARN_STRICT_PROTOTYPES = YES;
				CLANG_WARN_SUSPICIOUS_MOVE = YES;
				CLANG_WARN_UNGUARDED_AVAILABILITY = YES_AGGRESSIVE;
				CLANG_WARN_UNREACHABLE_CODE = YES;
				CLANG_WARN__DUPLICATE_METHOD_MATCH = YES;
				COPY_PHASE_STRIP = NO;
				DEBUG_INFORMATION_FORMAT = dwarf;
				ENABLE_STRICT_OBJC_MSGSEND = YES;
				ENABLE_TESTABILITY = YES;
				GCC_C_LANGUAGE_STANDARD = gnu11;
				GCC_DYNAMIC_NO_PIC = NO;
				GCC_NO_COMMON_BLOCKS = YES;
				GCC_OPTIMIZATION_LEVEL = 0;
				GCC_PREPROCESSOR_DEFINITIONS = (
					"DEBUG=1",
					"$(inherited)",
				);
				GCC_WARN_64_TO_32_BIT_CONVERSION = YES;
				GCC_WARN_ABOUT_RETURN_TYPE = YES_ERROR;
				GCC_WARN_UNDECLARED_SELECTOR = YES;
				GCC_WARN_UNINITIALIZED_AUTOS = YES_AGGRESSIVE;
				GCC_WARN_UNUSED_FUNCTION = YES;
				GCC_WARN_UNUSED_VARIABLE = YES;
				IPHONEOS_DEPLOYMENT_TARGET = 15.2;
				MTL_ENABLE_DEBUG_INFO = INCLUDE_SOURCE;
				MTL_FAST_MATH = YES;
				ONLY_ACTIVE_ARCH = YES;
				SDKROOT = iphoneos;
				SWIFT_ACTIVE_COMPILATION_CONDITIONS = DEBUG;
				SWIFT_OPTIMIZATION_LEVEL = "-Onone";
			};
			name = Debug;
		};
		EE4DAA1427CFE719009E3D1B /* Release */ = {
			isa = XCBuildConfiguration;
			buildSettings = {
				ALWAYS_SEARCH_USER_PATHS = NO;
				CLANG_ANALYZER_NONNULL = YES;
				CLANG_ANALYZER_NUMBER_OBJECT_CONVERSION = YES_AGGRESSIVE;
				CLANG_CXX_LANGUAGE_STANDARD = "gnu++17";
				CLANG_CXX_LIBRARY = "libc++";
				CLANG_ENABLE_MODULES = YES;
				CLANG_ENABLE_OBJC_ARC = YES;
				CLANG_ENABLE_OBJC_WEAK = YES;
				CLANG_WARN_BLOCK_CAPTURE_AUTORELEASING = YES;
				CLANG_WARN_BOOL_CONVERSION = YES;
				CLANG_WARN_COMMA = YES;
				CLANG_WARN_CONSTANT_CONVERSION = YES;
				CLANG_WARN_DEPRECATED_OBJC_IMPLEMENTATIONS = YES;
				CLANG_WARN_DIRECT_OBJC_ISA_USAGE = YES_ERROR;
				CLANG_WARN_DOCUMENTATION_COMMENTS = YES;
				CLANG_WARN_EMPTY_BODY = YES;
				CLANG_WARN_ENUM_CONVERSION = YES;
				CLANG_WARN_INFINITE_RECURSION = YES;
				CLANG_WARN_INT_CONVERSION = YES;
				CLANG_WARN_NON_LITERAL_NULL_CONVERSION = YES;
				CLANG_WARN_OBJC_IMPLICIT_RETAIN_SELF = YES;
				CLANG_WARN_OBJC_LITERAL_CONVERSION = YES;
				CLANG_WARN_OBJC_ROOT_CLASS = YES_ERROR;
				CLANG_WARN_QUOTED_INCLUDE_IN_FRAMEWORK_HEADER = YES;
				CLANG_WARN_RANGE_LOOP_ANALYSIS = YES;
				CLANG_WARN_STRICT_PROTOTYPES = YES;
				CLANG_WARN_SUSPICIOUS_MOVE = YES;
				CLANG_WARN_UNGUARDED_AVAILABILITY = YES_AGGRESSIVE;
				CLANG_WARN_UNREACHABLE_CODE = YES;
				CLANG_WARN__DUPLICATE_METHOD_MATCH = YES;
				COPY_PHASE_STRIP = NO;
				DEBUG_INFORMATION_FORMAT = "dwarf-with-dsym";
				ENABLE_NS_ASSERTIONS = NO;
				ENABLE_STRICT_OBJC_MSGSEND = YES;
				GCC_C_LANGUAGE_STANDARD = gnu11;
				GCC_NO_COMMON_BLOCKS = YES;
				GCC_WARN_64_TO_32_BIT_CONVERSION = YES;
				GCC_WARN_ABOUT_RETURN_TYPE = YES_ERROR;
				GCC_WARN_UNDECLARED_SELECTOR = YES;
				GCC_WARN_UNINITIALIZED_AUTOS = YES_AGGRESSIVE;
				GCC_WARN_UNUSED_FUNCTION = YES;
				GCC_WARN_UNUSED_VARIABLE = YES;
				IPHONEOS_DEPLOYMENT_TARGET = 15.2;
				MTL_ENABLE_DEBUG_INFO = NO;
				MTL_FAST_MATH = YES;
				SDKROOT = iphoneos;
				SWIFT_COMPILATION_MODE = wholemodule;
				SWIFT_OPTIMIZATION_LEVEL = "-O";
				VALIDATE_PRODUCT = YES;
			};
			name = Release;
		};
		EE4DAA1627CFE719009E3D1B /* Debug */ = {
			isa = XCBuildConfiguration;
			buildSettings = {
				ASSETCATALOG_COMPILER_APPICON_NAME = AppIcon;
				ASSETCATALOG_COMPILER_GLOBAL_ACCENT_COLOR_NAME = AccentColor;
				CODE_SIGN_STYLE = Automatic;
				CURRENT_PROJECT_VERSION = 1;
				GENERATE_INFOPLIST_FILE = YES;
				INFOPLIST_FILE = UpdateTask/Info.plist;
				INFOPLIST_KEY_UIApplicationSupportsIndirectInputEvents = YES;
				INFOPLIST_KEY_UILaunchStoryboardName = LaunchScreen;
				INFOPLIST_KEY_UIMainStoryboardFile = Main;
				INFOPLIST_KEY_UISupportedInterfaceOrientations_iPad = "UIInterfaceOrientationPortrait UIInterfaceOrientationPortraitUpsideDown UIInterfaceOrientationLandscapeLeft UIInterfaceOrientationLandscapeRight";
				INFOPLIST_KEY_UISupportedInterfaceOrientations_iPhone = "UIInterfaceOrientationPortrait UIInterfaceOrientationLandscapeLeft UIInterfaceOrientationLandscapeRight";
				LD_RUNPATH_SEARCH_PATHS = (
					"$(inherited)",
					"@executable_path/Frameworks",
				);
				MARKETING_VERSION = 1.0;
				PRODUCT_BUNDLE_IDENTIFIER = com.cdhq.UpdateTask;
				PRODUCT_NAME = "$(TARGET_NAME)";
				SWIFT_EMIT_LOC_STRINGS = YES;
				SWIFT_VERSION = 5.0;
				TARGETED_DEVICE_FAMILY = "1,2";
			};
			name = Debug;
		};
		EE4DAA1727CFE719009E3D1B /* Release */ = {
			isa = XCBuildConfiguration;
			buildSettings = {
				ASSETCATALOG_COMPILER_APPICON_NAME = AppIcon;
				ASSETCATALOG_COMPILER_GLOBAL_ACCENT_COLOR_NAME = AccentColor;
				CODE_SIGN_STYLE = Automatic;
				CURRENT_PROJECT_VERSION = 1;
				GENERATE_INFOPLIST_FILE = YES;
				INFOPLIST_FILE = UpdateTask/Info.plist;
				INFOPLIST_KEY_UIApplicationSupportsIndirectInputEvents = YES;
				INFOPLIST_KEY_UILaunchStoryboardName = LaunchScreen;
				INFOPLIST_KEY_UIMainStoryboardFile = Main;
				INFOPLIST_KEY_UISupportedInterfaceOrientations_iPad = "UIInterfaceOrientationPortrait UIInterfaceOrientationPortraitUpsideDown UIInterfaceOrientationLandscapeLeft UIInterfaceOrientationLandscapeRight";
				INFOPLIST_KEY_UISupportedInterfaceOrientations_iPhone = "UIInterfaceOrientationPortrait UIInterfaceOrientationLandscapeLeft UIInterfaceOrientationLandscapeRight";
				LD_RUNPATH_SEARCH_PATHS = (
					"$(inherited)",
					"@executable_path/Frameworks",
				);
				MARKETING_VERSION = 1.0;
				PRODUCT_BUNDLE_IDENTIFIER = com.cdhq.UpdateTask;
				PRODUCT_NAME = "$(TARGET_NAME)";
				SWIFT_EMIT_LOC_STRINGS = YES;
				SWIFT_VERSION = 5.0;
				TARGETED_DEVICE_FAMILY = "1,2";
			};
			name = Release;
		};
/* End XCBuildConfiguration section */

/* Begin XCConfigurationList section */
		EE4DA9FC27CFE713009E3D1B /* Build configuration list for PBXProject "UpdateTask" */ = {
			isa = XCConfigurationList;
			buildConfigurations = (
				EE4DAA1327CFE719009E3D1B /* Debug */,
				EE4DAA1427CFE719009E3D1B /* Release */,
			);
			defaultConfigurationIsVisible = 0;
			defaultConfigurationName = Release;
		};
		EE4DAA1527CFE719009E3D1B /* Build configuration list for PBXNativeTarget "UpdateTask" */ = {
			isa = XCConfigurationList;
			buildConfigurations = (
				EE4DAA1627CFE719009E3D1B /* Debug */,
				EE4DAA1727CFE719009E3D1B /* Release */,
			);
			defaultConfigurationIsVisible = 0;
			defaultConfigurationName = Release;
		};
/* End XCConfigurationList section */
	};
	rootObject = EE4DA9F927CFE713009E3D1B /* Project object */;
}
